# THIS IS AN AUTOGENERATED FILE. DO NOT EDIT THIS FILE DIRECTLY.
# yarn lockfile v1


daggy@0.0.x:
  version "0.0.1"
  resolved "https://registry.yarnpkg.com/daggy/-/daggy-0.0.1.tgz#ae9c932c9f7136e655a04afb21e8baadfd0d3707"
  integrity sha1-rpyTLJ9xNuZVoEr7Iei6rf0NNwc=

fantasy-combinators@0.0.x:
  version "0.0.1"
  resolved "https://registry.yarnpkg.com/fantasy-combinators/-/fantasy-combinators-0.0.1.tgz#d18388aed94be790ac4069031f5ea018345e33a1"
  integrity sha1-0YOIrtlL55CsQGkDH16gGDReM6E=

fantasy-land@3.5.x:
  version "3.5.0"
  resolved "https://registry.yarnpkg.com/fantasy-land/-/fantasy-land-3.5.0.tgz#710b29f7aeb81cb545cc696882149b56d0994552"
  integrity sha512-ou7BCdUNzcyXfwI10mDBeYUCH/UbE7xjeeRizMLnjZkDJbw/Hvg1iNEl7NhNfcGxZO+cCyX3/ma3vamhwecqhw==
  dependencies:
    daggy "0.0.x"
    fantasy-combinators "0.0.x"

fantasy-laws@^1.2.0:
  version "1.2.0"
  resolved "https://registry.yarnpkg.com/fantasy-laws/-/fantasy-laws-1.2.0.tgz#20a4efc31ccbfa4097b029501ef1fff21d1a014e"
  integrity sha512-Had/h1aoZpKaMFSE1ZnhW/A2WXuxMX5/Cm/T66ywV3N8BSWvKpskmnCouXugoEy3EdKF/4NFQPyCo22CM1EnJA==
  dependencies:
    fantasy-land "3.5.x"
    jsverify "0.8.x"
    sanctuary-show "1.0.0"
    sanctuary-type-classes "9.0.0"

jsverify@0.8.x, jsverify@^0.8.4:
  version "0.8.4"
  resolved "https://registry.yarnpkg.com/jsverify/-/jsverify-0.8.4.tgz#b914ccc024103d946b503f18ee780ec43febeece"
  integrity sha512-nUG73Sfi8L4eOkc7pv9sflgAm43v+z6XMuePGVdRoBUxBLJiVcMcf3Xgc4h19eHHF3JwsaagOkUu825UnPBLJw==
  dependencies:
    lazy-seq "^1.0.0"
    rc4 "~0.1.5"
    trampa "^1.0.0"
    typify-parser "^1.1.0"

lazy-seq@^1.0.0:
  version "1.0.0"
  resolved "https://registry.yarnpkg.com/lazy-seq/-/lazy-seq-1.0.0.tgz#880cb8aab256026382e02f53ec089682a74c5b6a"
  integrity sha1-iAy4qrJWAmOC4C9T7AiWgqdMW2o=

rc4@~0.1.5:
  version "0.1.5"
  resolved "https://registry.yarnpkg.com/rc4/-/rc4-0.1.5.tgz#08c6e04a0168f6eb621c22ab6cb1151bd9f4a64d"
  integrity sha1-CMbgSgFo9utiHCKrbLEVG9n0pk0=

sanctuary-show@1.0.0:
  version "1.0.0"
  resolved "https://registry.yarnpkg.com/sanctuary-show/-/sanctuary-show-1.0.0.tgz#72deb4812f9decec850e03286807dca1c97a1d61"
  integrity sha512-63UqNGr5M6wkzKp6eGc/Gy6JBIV2PbzPd3q88+0F9z0qydAQsCWJ+7e4oor39rEEwj2GkZMDEhqGuiMl9eEnYw==

sanctuary-show@^2.0.0:
  version "2.0.0"
  resolved "https://registry.yarnpkg.com/sanctuary-show/-/sanctuary-show-2.0.0.tgz#2326b4744f4b0f993f18ca56a29f68a50f514637"
  integrity sha512-REj4ZiioUXnDLj6EpJ9HcYDIEGaEexmB9Fg5o6InZR9f0x5PfnnC21QeU9SZ9E7G8zXSZPNjy8VRUK4safbesw==

sanctuary-type-classes@9.0.0:
  version "9.0.0"
  resolved "https://registry.yarnpkg.com/sanctuary-type-classes/-/sanctuary-type-classes-9.0.0.tgz#b44741ca67fa650cbd314e1ad318d730ce1309a4"
  integrity sha512-rFW27f3D622kxKravpGU9OjWn66fnDjDjGPvoYo4hEoBg2ocypvp0R9cs0YovKL3jTO+PTceUBh5tYZ+l9ay3g==
  dependencies:
    sanctuary-type-identifiers "1.0.x"

sanctuary-type-classes@^12.1.0:
  version "12.1.0"
  resolved "https://registry.yarnpkg.com/sanctuary-type-classes/-/sanctuary-type-classes-12.1.0.tgz#2d1457f678cb621bcda64fe537f5d07da5556c3a"
  integrity sha512-oWP071Q88dEgJwxHLZp8tc7DoS+mWmYhYOuhP85zznPpIxV1ZjJfyRvcR59YCazyFxyFeBif7bJx1giLhDZW0Q==
  dependencies:
    sanctuary-type-identifiers "3.0.0"

sanctuary-type-identifiers@1.0.x:
  version "1.0.0"
  resolved "https://registry.yarnpkg.com/sanctuary-type-identifiers/-/sanctuary-type-identifiers-1.0.0.tgz#e8f359f006cb5e624cfb8464603fc114608bde9f"
  integrity sha1-6PNZ8AbLXmJM+4RkYD/BFGCL3p8=

sanctuary-type-identifiers@3.0.0:
  version "3.0.0"
  resolved "https://registry.yarnpkg.com/sanctuary-type-identifiers/-/sanctuary-type-identifiers-3.0.0.tgz#51cb488d2ed9f194946a64ffe2b41dd49a348c0b"
  integrity sha512-YFXYcG0Ura1dSPd/1xLYtE2XAWUEsBHhMTZvYBOvwT8MeFQwdUOCMm2DC+r94z6H93FVq0qxDac8/D7QpJj6Mg==

trampa@^1.0.0:
  version "1.0.1"
  resolved "https://registry.yarnpkg.com/trampa/-/trampa-1.0.1.tgz#b866bc192331f64b4f57a8acf4ab71d0e900b692"
  integrity sha512-93WeyHNuRggPEsfCe+yHxCgM2s6H3Q8Wmlt6b6ObJL8qc7eZlRaFjQxwTrB+zbvGtlDRnAkMoYYo3+2uH/fEwA==

typify-parser@^1.1.0:
  version "1.1.0"
  resolved "https://registry.yarnpkg.com/typify-parser/-/typify-parser-1.1.0.tgz#ac73bfa5f25343468e2d0f3346c6117bc03d3c99"
  integrity sha1-rHO/pfJTQ0aOLQ8zRsYRe8A9PJk=
